
Microsoft Visual Studio Solution File, Format Version 12.00
# Visual Studio Version 16
VisualStudioVersion = 16.0.29025.244
MinimumVisualStudioVersion = 10.0.40219.1
Project("{FAE04EC0-301F-11D3-BF4B-00C04F79EFBC}") = "JednoduchaKalkulacka", "JednoduchaKalkulacka.csproj", "{6280CBD8-3F59-45D8-B479-EE7EC948E585}"
EndProject
Global
	GlobalSection(SolutionConfigurationPlatforms) = preSolution
		Debug|Any CPU = Debug|Any CPU
		Release|Any CPU = Release|Any CPU
	EndGlobalSection
	GlobalSection(ProjectConfigurationPlatforms) = postSolution
		{6280CBD8-3F59-45D8-B479-EE7EC948E585}.Debug|Any CPU.ActiveCfg = Debug|Any CPU
		{6280CBD8-3F59-45D8-B479-EE7EC948E585}.Debug|Any CPU.Build.0 = Debug|Any CPU
		{6280CBD8-3F59-45D8-B479-EE7EC948E585}.Release|Any CPU.ActiveCfg = Release|Any CPU
		{6280CBD8-3F59-45D8-B479-EE7EC948E585}.Release|Any CPU.Build.0 = Release|Any CPU
	EndGlobalSection
	GlobalSection(SolutionProperties) = preSolution
		HideSolutionNode = FALSE
	EndGlobalSection
	GlobalSection(ExtensibilityGlobals) = postSolution
		SolutionGuid = {21A8C443-8F28-42EF-90AC-5A9331F398CE}
	EndGlobalSection
EndGlobal
