
Microsoft Visual Studio Solution File, Format Version 12.00
# Visual Studio Version 16
VisualStudioVersion = 16.0.29025.244
MinimumVisualStudioVersion = 10.0.40219.1
Project("{FAE04EC0-301F-11D3-BF4B-00C04F79EFBC}") = "l12p02", "l12p02.csproj", "{8389ABF8-21E6-4CDE-8A71-3309656A1AE3}"
EndProject
Global
	GlobalSection(SolutionConfigurationPlatforms) = preSolution
		Debug|Any CPU = Debug|Any CPU
		Release|Any CPU = Release|Any CPU
	EndGlobalSection
	GlobalSection(ProjectConfigurationPlatforms) = postSolution
		{8389ABF8-21E6-4CDE-8A71-3309656A1AE3}.Debug|Any CPU.ActiveCfg = Debug|Any CPU
		{8389ABF8-21E6-4CDE-8A71-3309656A1AE3}.Debug|Any CPU.Build.0 = Debug|Any CPU
		{8389ABF8-21E6-4CDE-8A71-3309656A1AE3}.Release|Any CPU.ActiveCfg = Release|Any CPU
		{8389ABF8-21E6-4CDE-8A71-3309656A1AE3}.Release|Any CPU.Build.0 = Release|Any CPU
	EndGlobalSection
	GlobalSection(SolutionProperties) = preSolution
		HideSolutionNode = FALSE
	EndGlobalSection
	GlobalSection(ExtensibilityGlobals) = postSolution
		SolutionGuid = {F75608BE-7FDE-4854-B9DA-EB09FBBAD4B1}
	EndGlobalSection
EndGlobal
