
Microsoft Visual Studio Solution File, Format Version 12.00
# Visual Studio Version 16
VisualStudioVersion = 16.0.29025.244
MinimumVisualStudioVersion = 10.0.40219.1
Project("{FAE04EC0-301F-11D3-BF4B-00C04F79EFBC}") = "l10p02", "l10p02.csproj", "{8859A9D8-13D9-4E15-8C17-9DF54FE7D618}"
EndProject
Global
	GlobalSection(SolutionConfigurationPlatforms) = preSolution
		Debug|Any CPU = Debug|Any CPU
		Release|Any CPU = Release|Any CPU
	EndGlobalSection
	GlobalSection(ProjectConfigurationPlatforms) = postSolution
		{8859A9D8-13D9-4E15-8C17-9DF54FE7D618}.Debug|Any CPU.ActiveCfg = Debug|Any CPU
		{8859A9D8-13D9-4E15-8C17-9DF54FE7D618}.Debug|Any CPU.Build.0 = Debug|Any CPU
		{8859A9D8-13D9-4E15-8C17-9DF54FE7D618}.Release|Any CPU.ActiveCfg = Release|Any CPU
		{8859A9D8-13D9-4E15-8C17-9DF54FE7D618}.Release|Any CPU.Build.0 = Release|Any CPU
	EndGlobalSection
	GlobalSection(SolutionProperties) = preSolution
		HideSolutionNode = FALSE
	EndGlobalSection
	GlobalSection(ExtensibilityGlobals) = postSolution
		SolutionGuid = {06CE862D-6BBE-4BAE-921A-F30025F4C262}
	EndGlobalSection
EndGlobal
