
Microsoft Visual Studio Solution File, Format Version 12.00
# Visual Studio Version 16
VisualStudioVersion = 16.0.29025.244
MinimumVisualStudioVersion = 10.0.40219.1
Project("{FAE04EC0-301F-11D3-BF4B-00C04F79EFBC}") = "Pp10", "Pp10.csproj", "{24B54972-7BB4-41CC-A019-66E0CCC86CD7}"
EndProject
Global
	GlobalSection(SolutionConfigurationPlatforms) = preSolution
		Debug|Any CPU = Debug|Any CPU
		Release|Any CPU = Release|Any CPU
	EndGlobalSection
	GlobalSection(ProjectConfigurationPlatforms) = postSolution
		{24B54972-7BB4-41CC-A019-66E0CCC86CD7}.Debug|Any CPU.ActiveCfg = Debug|Any CPU
		{24B54972-7BB4-41CC-A019-66E0CCC86CD7}.Debug|Any CPU.Build.0 = Debug|Any CPU
		{24B54972-7BB4-41CC-A019-66E0CCC86CD7}.Release|Any CPU.ActiveCfg = Release|Any CPU
		{24B54972-7BB4-41CC-A019-66E0CCC86CD7}.Release|Any CPU.Build.0 = Release|Any CPU
	EndGlobalSection
	GlobalSection(SolutionProperties) = preSolution
		HideSolutionNode = FALSE
	EndGlobalSection
	GlobalSection(ExtensibilityGlobals) = postSolution
		SolutionGuid = {745A5DD2-BA80-42C6-90EC-44DD6B0A117D}
	EndGlobalSection
EndGlobal
