
Microsoft Visual Studio Solution File, Format Version 12.00
# Visual Studio Version 16
VisualStudioVersion = 16.0.29025.244
MinimumVisualStudioVersion = 10.0.40219.1
Project("{FAE04EC0-301F-11D3-BF4B-00C04F79EFBC}") = "Spp08", "Spp08.csproj", "{287B3FB3-813B-422A-A7B8-F3A396E692CE}"
EndProject
Global
	GlobalSection(SolutionConfigurationPlatforms) = preSolution
		Debug|Any CPU = Debug|Any CPU
		Release|Any CPU = Release|Any CPU
	EndGlobalSection
	GlobalSection(ProjectConfigurationPlatforms) = postSolution
		{287B3FB3-813B-422A-A7B8-F3A396E692CE}.Debug|Any CPU.ActiveCfg = Debug|Any CPU
		{287B3FB3-813B-422A-A7B8-F3A396E692CE}.Debug|Any CPU.Build.0 = Debug|Any CPU
		{287B3FB3-813B-422A-A7B8-F3A396E692CE}.Release|Any CPU.ActiveCfg = Release|Any CPU
		{287B3FB3-813B-422A-A7B8-F3A396E692CE}.Release|Any CPU.Build.0 = Release|Any CPU
	EndGlobalSection
	GlobalSection(SolutionProperties) = preSolution
		HideSolutionNode = FALSE
	EndGlobalSection
	GlobalSection(ExtensibilityGlobals) = postSolution
		SolutionGuid = {1E9A7A57-3E3C-4BF6-A22C-7808F1ADC5CF}
	EndGlobalSection
EndGlobal
