
Microsoft Visual Studio Solution File, Format Version 12.00
# Visual Studio Version 16
VisualStudioVersion = 16.0.29025.244
MinimumVisualStudioVersion = 10.0.40219.1
Project("{FAE04EC0-301F-11D3-BF4B-00C04F79EFBC}") = "Pp08", "Pp08.csproj", "{C463FA7D-ED7C-4F88-9B4D-C448560A4BD8}"
EndProject
Global
	GlobalSection(SolutionConfigurationPlatforms) = preSolution
		Debug|Any CPU = Debug|Any CPU
		Release|Any CPU = Release|Any CPU
	EndGlobalSection
	GlobalSection(ProjectConfigurationPlatforms) = postSolution
		{C463FA7D-ED7C-4F88-9B4D-C448560A4BD8}.Debug|Any CPU.ActiveCfg = Debug|Any CPU
		{C463FA7D-ED7C-4F88-9B4D-C448560A4BD8}.Debug|Any CPU.Build.0 = Debug|Any CPU
		{C463FA7D-ED7C-4F88-9B4D-C448560A4BD8}.Release|Any CPU.ActiveCfg = Release|Any CPU
		{C463FA7D-ED7C-4F88-9B4D-C448560A4BD8}.Release|Any CPU.Build.0 = Release|Any CPU
	EndGlobalSection
	GlobalSection(SolutionProperties) = preSolution
		HideSolutionNode = FALSE
	EndGlobalSection
	GlobalSection(ExtensibilityGlobals) = postSolution
		SolutionGuid = {E880B9E0-E1C1-4AEE-A6C1-1F1E20684670}
	EndGlobalSection
EndGlobal
