
Microsoft Visual Studio Solution File, Format Version 12.00
# Visual Studio Version 16
VisualStudioVersion = 16.0.29025.244
MinimumVisualStudioVersion = 10.0.40219.1
Project("{FAE04EC0-301F-11D3-BF4B-00C04F79EFBC}") = "Papousek", "Papousek.csproj", "{5352FB2F-EB7F-42FC-8359-F397DC3AABC9}"
EndProject
Global
	GlobalSection(SolutionConfigurationPlatforms) = preSolution
		Debug|Any CPU = Debug|Any CPU
		Release|Any CPU = Release|Any CPU
	EndGlobalSection
	GlobalSection(ProjectConfigurationPlatforms) = postSolution
		{5352FB2F-EB7F-42FC-8359-F397DC3AABC9}.Debug|Any CPU.ActiveCfg = Debug|Any CPU
		{5352FB2F-EB7F-42FC-8359-F397DC3AABC9}.Debug|Any CPU.Build.0 = Debug|Any CPU
		{5352FB2F-EB7F-42FC-8359-F397DC3AABC9}.Release|Any CPU.ActiveCfg = Release|Any CPU
		{5352FB2F-EB7F-42FC-8359-F397DC3AABC9}.Release|Any CPU.Build.0 = Release|Any CPU
	EndGlobalSection
	GlobalSection(SolutionProperties) = preSolution
		HideSolutionNode = FALSE
	EndGlobalSection
	GlobalSection(ExtensibilityGlobals) = postSolution
		SolutionGuid = {F1D8F285-BA31-4428-8426-FC56A3EF6FEF}
	EndGlobalSection
EndGlobal
