
Microsoft Visual Studio Solution File, Format Version 12.00
# Visual Studio Version 16
VisualStudioVersion = 16.0.29025.244
MinimumVisualStudioVersion = 10.0.40219.1
Project("{FAE04EC0-301F-11D3-BF4B-00C04F79EFBC}") = "Jp09", "Jp09.csproj", "{14EF7913-B35F-447F-A557-E64867523FCB}"
EndProject
Global
	GlobalSection(SolutionConfigurationPlatforms) = preSolution
		Debug|Any CPU = Debug|Any CPU
		Release|Any CPU = Release|Any CPU
	EndGlobalSection
	GlobalSection(ProjectConfigurationPlatforms) = postSolution
		{14EF7913-B35F-447F-A557-E64867523FCB}.Debug|Any CPU.ActiveCfg = Debug|Any CPU
		{14EF7913-B35F-447F-A557-E64867523FCB}.Debug|Any CPU.Build.0 = Debug|Any CPU
		{14EF7913-B35F-447F-A557-E64867523FCB}.Release|Any CPU.ActiveCfg = Release|Any CPU
		{14EF7913-B35F-447F-A557-E64867523FCB}.Release|Any CPU.Build.0 = Release|Any CPU
	EndGlobalSection
	GlobalSection(SolutionProperties) = preSolution
		HideSolutionNode = FALSE
	EndGlobalSection
	GlobalSection(ExtensibilityGlobals) = postSolution
		SolutionGuid = {08386F8B-469B-4725-A80A-210C5900F915}
	EndGlobalSection
EndGlobal
